
Microsoft Visual Studio Solution File, Format Version 12.00
# Visual Studio 15
VisualStudioVersion = 15.0.28307.779
MinimumVisualStudioVersion = 10.0.40219.1
Project("{FAE04EC0-301F-11D3-BF4B-00C04F79EFBC}") = "WPF Network Client", "WPF Network Client\WPF Network Client.csproj", "{475EFD2A-2397-4109-83D4-FD41EA4B93DE}"
EndProject
Global
	GlobalSection(SolutionConfigurationPlatforms) = preSolution
		Debug|Any CPU = Debug|Any CPU
		Release|Any CPU = Release|Any CPU
	EndGlobalSection
	GlobalSection(ProjectConfigurationPlatforms) = postSolution
		{475EFD2A-2397-4109-83D4-FD41EA4B93DE}.Debug|Any CPU.ActiveCfg = Debug|Any CPU
		{475EFD2A-2397-4109-83D4-FD41EA4B93DE}.Debug|Any CPU.Build.0 = Debug|Any CPU
		{475EFD2A-2397-4109-83D4-FD41EA4B93DE}.Release|Any CPU.ActiveCfg = Release|Any CPU
		{475EFD2A-2397-4109-83D4-FD41EA4B93DE}.Release|Any CPU.Build.0 = Release|Any CPU
	EndGlobalSection
	GlobalSection(SolutionProperties) = preSolution
		HideSolutionNode = FALSE
	EndGlobalSection
	GlobalSection(ExtensibilityGlobals) = postSolution
		SolutionGuid = {0C2018D2-8B39-4537-9679-15B8988ECE67}
	EndGlobalSection
EndGlobal
